{
  "name": "src",
  "lockfileVersion": 3,
  "requires": true,
  "packages": {
    "": {
      "dependencies": {
        "jnitrace-engine": "^1.1.1"
      }
    },
    "node_modules/jnitrace-engine": {
      "version": "1.1.1",
      "resolved": "https://registry.npmjs.org/jnitrace-engine/-/jnitrace-engine-1.1.1.tgz",
      "integrity": "sha512-L3nQZCEAe7hTfpzuA8tuEm8Owj6zeTPBBWbN7YCXHNytTZboJVhJsv2PNRgo9dm1l+XnDAQccPSJdS5yS+ixJQ==",
      "dependencies": {
        "typescript": "^4.0.5"
      }
    },
    "node_modules/typescript": {
      "version": "4.9.5",
      "resolved": "https://registry.npmjs.org/typescript/-/typescript-4.9.5.tgz",
      "integrity": "sha512-1FXk9E2Hm+QzZQ7z+McJiHL4NW1F2EzMu9Nq9i3zAaGqibafqYwCVU6WyWAuyQRRzOlxou8xZSyXLEN8oKj24g==",
      "bin": {
        "tsc": "bin/tsc",
        "tsserver": "bin/tsserver"
      },
      "engines": {
        "node": ">=4.2.0"
      }
    }
  }
}
